
Microsoft Visual Studio Solution File, Format Version 12.00
# Visual Studio 14
VisualStudioVersion = 14.0.25420.1
MinimumVisualStudioVersion = 10.0.40219.1
Project("{FAE04EC0-301F-11D3-BF4B-00C04F79EFBC}") = "DZ_3", "DZ_3\DZ_3.csproj", "{0701F503-4C2D-413D-8E23-1C3B678A223D}"
EndProject
Project("{FAE04EC0-301F-11D3-BF4B-00C04F79EFBC}") = "SevenWonders", "SevenWonders\SevenWonders.csproj", "{0B3A782A-D18F-451A-96BA-663968DE02FC}"
EndProject
Project("{FAE04EC0-301F-11D3-BF4B-00C04F79EFBC}") = "Population", "Population\Population.csproj", "{8B78CDAA-A7FC-43BD-95DB-FF819D068ABE}"
EndProject
Global
	GlobalSection(SolutionConfigurationPlatforms) = preSolution
		Debug|Any CPU = Debug|Any CPU
		Release|Any CPU = Release|Any CPU
	EndGlobalSection
	GlobalSection(ProjectConfigurationPlatforms) = postSolution
		{0701F503-4C2D-413D-8E23-1C3B678A223D}.Debug|Any CPU.ActiveCfg = Debug|Any CPU
		{0701F503-4C2D-413D-8E23-1C3B678A223D}.Debug|Any CPU.Build.0 = Debug|Any CPU
		{0701F503-4C2D-413D-8E23-1C3B678A223D}.Release|Any CPU.ActiveCfg = Release|Any CPU
		{0701F503-4C2D-413D-8E23-1C3B678A223D}.Release|Any CPU.Build.0 = Release|Any CPU
		{0B3A782A-D18F-451A-96BA-663968DE02FC}.Debug|Any CPU.ActiveCfg = Debug|Any CPU
		{0B3A782A-D18F-451A-96BA-663968DE02FC}.Debug|Any CPU.Build.0 = Debug|Any CPU
		{0B3A782A-D18F-451A-96BA-663968DE02FC}.Release|Any CPU.ActiveCfg = Release|Any CPU
		{0B3A782A-D18F-451A-96BA-663968DE02FC}.Release|Any CPU.Build.0 = Release|Any CPU
		{8B78CDAA-A7FC-43BD-95DB-FF819D068ABE}.Debug|Any CPU.ActiveCfg = Debug|Any CPU
		{8B78CDAA-A7FC-43BD-95DB-FF819D068ABE}.Debug|Any CPU.Build.0 = Debug|Any CPU
		{8B78CDAA-A7FC-43BD-95DB-FF819D068ABE}.Release|Any CPU.ActiveCfg = Release|Any CPU
		{8B78CDAA-A7FC-43BD-95DB-FF819D068ABE}.Release|Any CPU.Build.0 = Release|Any CPU
	EndGlobalSection
	GlobalSection(SolutionProperties) = preSolution
		HideSolutionNode = FALSE
	EndGlobalSection
EndGlobal
